// !$*UTF8*$!
{
	archiveVersion = 1;
	classes = {
	};
	objectVersion = 56;
	objects = {

/* Begin PBXBuildFile section */
		AB0564D72BA1F2DD00A26579 /* FavoriteCollectionViewCell.xib in Resources */ = {isa = PBXBuildFile; fileRef = AB0564D62BA1F2DD00A26579 /* FavoriteCollectionViewCell.xib */; };
		AB0564D92BA2042400A26579 /* MovieViewRepresentable.swift in Sources */ = {isa = PBXBuildFile; fileRef = AB0564D82BA2042400A26579 /* MovieViewRepresentable.swift */; };
		AB0564DC2BA25CAC00A26579 /* MovieCollectionViewCell.xib in Resources */ = {isa = PBXBuildFile; fileRef = AB0564DB2BA25CAC00A26579 /* MovieCollectionViewCell.xib */; };
		AB0564DE2BA25CDF00A26579 /* MovieCollectionViewCell.swift in Sources */ = {isa = PBXBuildFile; fileRef = AB0564DD2BA25CDF00A26579 /* MovieCollectionViewCell.swift */; };
		AB0564E12BA2678200A26579 /* ListMovieAdapterProtocol.swift in Sources */ = {isa = PBXBuildFile; fileRef = AB0564E02BA2678200A26579 /* ListMovieAdapterProtocol.swift */; };
		AB0564E32BA267C500A26579 /* ListMovieGrillAdapter.swift in Sources */ = {isa = PBXBuildFile; fileRef = AB0564E22BA267C500A26579 /* ListMovieGrillAdapter.swift */; };
		AB0564E52BA2690900A26579 /* MovieViewControllerBuilder.swift in Sources */ = {isa = PBXBuildFile; fileRef = AB0564E42BA2690900A26579 /* MovieViewControllerBuilder.swift */; };
		AB0564EB2BA26CA700A26579 /* TapBarControllerViewController.swift in Sources */ = {isa = PBXBuildFile; fileRef = AB0564EA2BA26CA700A26579 /* TapBarControllerViewController.swift */; };
		AB0564ED2BA3993500A26579 /* ElementsUI.swift in Sources */ = {isa = PBXBuildFile; fileRef = AB0564EC2BA3993500A26579 /* ElementsUI.swift */; };
		AB0564F52BA8655500A26579 /* SearchMovieAdapterProtocol.swift in Sources */ = {isa = PBXBuildFile; fileRef = AB0564F42BA8655500A26579 /* SearchMovieAdapterProtocol.swift */; };
		AB0564F72BA86AAA00A26579 /* SearchMovieByInfoAdapter.swift in Sources */ = {isa = PBXBuildFile; fileRef = AB0564F62BA86AAA00A26579 /* SearchMovieByInfoAdapter.swift */; };
		AB0564F92BA8BE0500A26579 /* SearchMovieByNameYearAdapter.swift in Sources */ = {isa = PBXBuildFile; fileRef = AB0564F82BA8BE0500A26579 /* SearchMovieByNameYearAdapter.swift */; };
		AB0564FC2BA8C83900A26579 /* ErrorCollectionViewCell.swift in Sources */ = {isa = PBXBuildFile; fileRef = AB0564FB2BA8C83900A26579 /* ErrorCollectionViewCell.swift */; };
		AB0565002BA8C87400A26579 /* ErrorCollectionViewCell.xib in Resources */ = {isa = PBXBuildFile; fileRef = AB0564FF2BA8C87400A26579 /* ErrorCollectionViewCell.xib */; };
		AB08B0502B61B9EB0048DA19 /* HomeView.swift in Sources */ = {isa = PBXBuildFile; fileRef = AB08B04F2B61B9EB0048DA19 /* HomeView.swift */; };
		AB08B0522B61BA050048DA19 /* HomeViewController.swift in Sources */ = {isa = PBXBuildFile; fileRef = AB08B0512B61BA050048DA19 /* HomeViewController.swift */; };
		AB0B458A2B8E126100D52874 /* Alamofire in Frameworks */ = {isa = PBXBuildFile; productRef = AB0B45892B8E126100D52874 /* Alamofire */; };
		AB0B458E2B8E12FC00D52874 /* MoviesView.swift in Sources */ = {isa = PBXBuildFile; fileRef = AB0B458D2B8E12FC00D52874 /* MoviesView.swift */; };
		AB0B45902B8E130900D52874 /* MoviesViewController.swift in Sources */ = {isa = PBXBuildFile; fileRef = AB0B458F2B8E130900D52874 /* MoviesViewController.swift */; };
		AB0B45922B8E132800D52874 /* MoviesWS.swift in Sources */ = {isa = PBXBuildFile; fileRef = AB0B45912B8E132800D52874 /* MoviesWS.swift */; };
		AB0B45972B8E137E00D52874 /* Movie.swift in Sources */ = {isa = PBXBuildFile; fileRef = AB0B45962B8E137E00D52874 /* Movie.swift */; };
		AB0B45992B8E65C900D52874 /* FavoriteCollectionViewCell.swift in Sources */ = {isa = PBXBuildFile; fileRef = AB0B45982B8E65C900D52874 /* FavoriteCollectionViewCell.swift */; };
		AB0B459B2B926A3200D52874 /* ListMoviesSimpleAdapter.swift in Sources */ = {isa = PBXBuildFile; fileRef = AB0B459A2B926A3200D52874 /* ListMoviesSimpleAdapter.swift */; };
		AB5C40C82BA09C3D00B99A2D /* DetailsWS.swift in Sources */ = {isa = PBXBuildFile; fileRef = AB5C40C72BA09C3D00B99A2D /* DetailsWS.swift */; };
		AB5C40CA2BA09E6F00B99A2D /* Detail.swift in Sources */ = {isa = PBXBuildFile; fileRef = AB5C40C92BA09E6F00B99A2D /* Detail.swift */; };
		AB5C40CD2BA09E8C00B99A2D /* DetailsView.swift in Sources */ = {isa = PBXBuildFile; fileRef = AB5C40CC2BA09E8C00B99A2D /* DetailsView.swift */; };
		AB5C40CF2BA09E9700B99A2D /* DetailsViewController.swift in Sources */ = {isa = PBXBuildFile; fileRef = AB5C40CE2BA09E9700B99A2D /* DetailsViewController.swift */; };
		AB5C40D42BA0DEBE00B99A2D /* AppNavigationController .swift in Sources */ = {isa = PBXBuildFile; fileRef = AB5C40D32BA0DEBE00B99A2D /* AppNavigationController .swift */; };
		AB818B622BAC94B9005A1FB5 /* MoviesCore.xcdatamodeld in Sources */ = {isa = PBXBuildFile; fileRef = AB818B602BAC94B9005A1FB5 /* MoviesCore.xcdatamodeld */; };
		AB818B692BAC96C6005A1FB5 /* MoviesFavoriteCD+CoreDataClass.swift in Sources */ = {isa = PBXBuildFile; fileRef = AB818B672BAC96C6005A1FB5 /* MoviesFavoriteCD+CoreDataClass.swift */; };
		AB818B6A2BAC96C6005A1FB5 /* MoviesFavoriteCD+CoreDataProperties.swift in Sources */ = {isa = PBXBuildFile; fileRef = AB818B682BAC96C6005A1FB5 /* MoviesFavoriteCD+CoreDataProperties.swift */; };
		AB818B6D2BAC97BD005A1FB5 /* MovieStrategyProtocol.swift in Sources */ = {isa = PBXBuildFile; fileRef = AB818B6C2BAC97BD005A1FB5 /* MovieStrategyProtocol.swift */; };
		AB818B6F2BAC98DA005A1FB5 /* MovieStrategy.swift in Sources */ = {isa = PBXBuildFile; fileRef = AB818B6E2BAC98DA005A1FB5 /* MovieStrategy.swift */; };
		AB818B712BAC9A78005A1FB5 /* FavoritesStrategy.swift in Sources */ = {isa = PBXBuildFile; fileRef = AB818B702BAC9A78005A1FB5 /* FavoritesStrategy.swift */; };
		ABD0B0CA2B6A454E000DF6B8 /* RegisterView.swift in Sources */ = {isa = PBXBuildFile; fileRef = ABD0B0C92B6A454E000DF6B8 /* RegisterView.swift */; };
		ABD0B0CC2B6A455F000DF6B8 /* RegisterViewController.swift in Sources */ = {isa = PBXBuildFile; fileRef = ABD0B0CB2B6A455F000DF6B8 /* RegisterViewController.swift */; };
		ABDDE2272B56E442007DA23F /* AppDelegate.swift in Sources */ = {isa = PBXBuildFile; fileRef = ABDDE2262B56E442007DA23F /* AppDelegate.swift */; };
		ABDDE2292B56E442007DA23F /* SceneDelegate.swift in Sources */ = {isa = PBXBuildFile; fileRef = ABDDE2282B56E442007DA23F /* SceneDelegate.swift */; };
		ABDDE22B2B56E442007DA23F /* ViewController.swift in Sources */ = {isa = PBXBuildFile; fileRef = ABDDE22A2B56E442007DA23F /* ViewController.swift */; };
		ABDDE22E2B56E442007DA23F /* Main.storyboard in Resources */ = {isa = PBXBuildFile; fileRef = ABDDE22C2B56E442007DA23F /* Main.storyboard */; };
		ABDDE2302B56E445007DA23F /* Assets.xcassets in Resources */ = {isa = PBXBuildFile; fileRef = ABDDE22F2B56E445007DA23F /* Assets.xcassets */; };
		ABDDE2332B56E445007DA23F /* LaunchScreen.storyboard in Resources */ = {isa = PBXBuildFile; fileRef = ABDDE2312B56E445007DA23F /* LaunchScreen.storyboard */; };
		ABDDE23E2B56E446007DA23F /* ModeloMVCTests.swift in Sources */ = {isa = PBXBuildFile; fileRef = ABDDE23D2B56E446007DA23F /* ModeloMVCTests.swift */; };
		ABDDE2482B56E446007DA23F /* ModeloMVCUITests.swift in Sources */ = {isa = PBXBuildFile; fileRef = ABDDE2472B56E446007DA23F /* ModeloMVCUITests.swift */; };
		ABDDE24A2B56E446007DA23F /* ModeloMVCUITestsLaunchTests.swift in Sources */ = {isa = PBXBuildFile; fileRef = ABDDE2492B56E446007DA23F /* ModeloMVCUITestsLaunchTests.swift */; };
		ABDDE25A2B573015007DA23F /* LoginView.swift in Sources */ = {isa = PBXBuildFile; fileRef = ABDDE2592B573015007DA23F /* LoginView.swift */; };
		ABDDE25C2B57302C007DA23F /* LoginViewController .swift in Sources */ = {isa = PBXBuildFile; fileRef = ABDDE25B2B57302C007DA23F /* LoginViewController .swift */; };
		ABEEB78F2B7431690089946B /* KeyboardManager.swift in Sources */ = {isa = PBXBuildFile; fileRef = ABEEB78E2B7431690089946B /* KeyboardManager.swift */; };
/* End PBXBuildFile section */

/* Begin PBXContainerItemProxy section */
		ABDDE23A2B56E446007DA23F /* PBXContainerItemProxy */ = {
			isa = PBXContainerItemProxy;
			containerPortal = ABDDE21B2B56E442007DA23F /* Project object */;
			proxyType = 1;
			remoteGlobalIDString = ABDDE2222B56E442007DA23F;
			remoteInfo = ModeloMVC;
		};
		ABDDE2442B56E446007DA23F /* PBXContainerItemProxy */ = {
			isa = PBXContainerItemProxy;
			containerPortal = ABDDE21B2B56E442007DA23F /* Project object */;
			proxyType = 1;
			remoteGlobalIDString = ABDDE2222B56E442007DA23F;
			remoteInfo = ModeloMVC;
		};
/* End PBXContainerItemProxy section */

/* Begin PBXFileReference section */
		AB0564D62BA1F2DD00A26579 /* FavoriteCollectionViewCell.xib */ = {isa = PBXFileReference; lastKnownFileType = file.xib; path = FavoriteCollectionViewCell.xib; sourceTree = "<group>"; };
		AB0564D82BA2042400A26579 /* MovieViewRepresentable.swift */ = {isa = PBXFileReference; lastKnownFileType = sourcecode.swift; path = MovieViewRepresentable.swift; sourceTree = "<group>"; };
		AB0564DB2BA25CAC00A26579 /* MovieCollectionViewCell.xib */ = {isa = PBXFileReference; lastKnownFileType = file.xib; path = MovieCollectionViewCell.xib; sourceTree = "<group>"; };
		AB0564DD2BA25CDF00A26579 /* MovieCollectionViewCell.swift */ = {isa = PBXFileReference; lastKnownFileType = sourcecode.swift; path = MovieCollectionViewCell.swift; sourceTree = "<group>"; };
		AB0564E02BA2678200A26579 /* ListMovieAdapterProtocol.swift */ = {isa = PBXFileReference; lastKnownFileType = sourcecode.swift; path = ListMovieAdapterProtocol.swift; sourceTree = "<group>"; };
		AB0564E22BA267C500A26579 /* ListMovieGrillAdapter.swift */ = {isa = PBXFileReference; lastKnownFileType = sourcecode.swift; path = ListMovieGrillAdapter.swift; sourceTree = "<group>"; };
		AB0564E42BA2690900A26579 /* MovieViewControllerBuilder.swift */ = {isa = PBXFileReference; lastKnownFileType = sourcecode.swift; path = MovieViewControllerBuilder.swift; sourceTree = "<group>"; };
		AB0564EA2BA26CA700A26579 /* TapBarControllerViewController.swift */ = {isa = PBXFileReference; lastKnownFileType = sourcecode.swift; path = TapBarControllerViewController.swift; sourceTree = "<group>"; };
		AB0564EC2BA3993500A26579 /* ElementsUI.swift */ = {isa = PBXFileReference; lastKnownFileType = sourcecode.swift; path = ElementsUI.swift; sourceTree = "<group>"; };
		AB0564F42BA8655500A26579 /* SearchMovieAdapterProtocol.swift */ = {isa = PBXFileReference; lastKnownFileType = sourcecode.swift; path = SearchMovieAdapterProtocol.swift; sourceTree = "<group>"; };
		AB0564F62BA86AAA00A26579 /* SearchMovieByInfoAdapter.swift */ = {isa = PBXFileReference; lastKnownFileType = sourcecode.swift; path = SearchMovieByInfoAdapter.swift; sourceTree = "<group>"; };
		AB0564F82BA8BE0500A26579 /* SearchMovieByNameYearAdapter.swift */ = {isa = PBXFileReference; lastKnownFileType = sourcecode.swift; path = SearchMovieByNameYearAdapter.swift; sourceTree = "<group>"; };
		AB0564FB2BA8C83900A26579 /* ErrorCollectionViewCell.swift */ = {isa = PBXFileReference; lastKnownFileType = sourcecode.swift; path = ErrorCollectionViewCell.swift; sourceTree = "<group>"; };
		AB0564FF2BA8C87400A26579 /* ErrorCollectionViewCell.xib */ = {isa = PBXFileReference; lastKnownFileType = file.xib; path = ErrorCollectionViewCell.xib; sourceTree = "<group>"; };
		AB08B04F2B61B9EB0048DA19 /* HomeView.swift */ = {isa = PBXFileReference; lastKnownFileType = sourcecode.swift; path = HomeView.swift; sourceTree = "<group>"; };
		AB08B0512B61BA050048DA19 /* HomeViewController.swift */ = {isa = PBXFileReference; lastKnownFileType = sourcecode.swift; path = HomeViewController.swift; sourceTree = "<group>"; };
		AB0B458D2B8E12FC00D52874 /* MoviesView.swift */ = {isa = PBXFileReference; lastKnownFileType = sourcecode.swift; path = MoviesView.swift; sourceTree = "<group>"; };
		AB0B458F2B8E130900D52874 /* MoviesViewController.swift */ = {isa = PBXFileReference; lastKnownFileType = sourcecode.swift; path = MoviesViewController.swift; sourceTree = "<group>"; };
		AB0B45912B8E132800D52874 /* MoviesWS.swift */ = {isa = PBXFileReference; lastKnownFileType = sourcecode.swift; path = MoviesWS.swift; sourceTree = "<group>"; };
		AB0B45962B8E137E00D52874 /* Movie.swift */ = {isa = PBXFileReference; lastKnownFileType = sourcecode.swift; path = Movie.swift; sourceTree = "<group>"; };
		AB0B45982B8E65C900D52874 /* FavoriteCollectionViewCell.swift */ = {isa = PBXFileReference; lastKnownFileType = sourcecode.swift; path = FavoriteCollectionViewCell.swift; sourceTree = "<group>"; };
		AB0B459A2B926A3200D52874 /* ListMoviesSimpleAdapter.swift */ = {isa = PBXFileReference; lastKnownFileType = sourcecode.swift; path = ListMoviesSimpleAdapter.swift; sourceTree = "<group>"; };
		AB5C40C72BA09C3D00B99A2D /* DetailsWS.swift */ = {isa = PBXFileReference; lastKnownFileType = sourcecode.swift; path = DetailsWS.swift; sourceTree = "<group>"; };
		AB5C40C92BA09E6F00B99A2D /* Detail.swift */ = {isa = PBXFileReference; lastKnownFileType = sourcecode.swift; path = Detail.swift; sourceTree = "<group>"; };
		AB5C40CC2BA09E8C00B99A2D /* DetailsView.swift */ = {isa = PBXFileReference; lastKnownFileType = sourcecode.swift; path = DetailsView.swift; sourceTree = "<group>"; };
		AB5C40CE2BA09E9700B99A2D /* DetailsViewController.swift */ = {isa = PBXFileReference; lastKnownFileType = sourcecode.swift; path = DetailsViewController.swift; sourceTree = "<group>"; };
		AB5C40D32BA0DEBE00B99A2D /* AppNavigationController .swift */ = {isa = PBXFileReference; lastKnownFileType = sourcecode.swift; path = "AppNavigationController .swift"; sourceTree = "<group>"; };
		AB818B612BAC94B9005A1FB5 /* MoviesCore.xcdatamodel */ = {isa = PBXFileReference; lastKnownFileType = wrapper.xcdatamodel; path = MoviesCore.xcdatamodel; sourceTree = "<group>"; };
		AB818B672BAC96C6005A1FB5 /* MoviesFavoriteCD+CoreDataClass.swift */ = {isa = PBXFileReference; lastKnownFileType = sourcecode.swift; path = "MoviesFavoriteCD+CoreDataClass.swift"; sourceTree = "<group>"; };
		AB818B682BAC96C6005A1FB5 /* MoviesFavoriteCD+CoreDataProperties.swift */ = {isa = PBXFileReference; lastKnownFileType = sourcecode.swift; path = "MoviesFavoriteCD+CoreDataProperties.swift"; sourceTree = "<group>"; };
		AB818B6C2BAC97BD005A1FB5 /* MovieStrategyProtocol.swift */ = {isa = PBXFileReference; lastKnownFileType = sourcecode.swift; path = MovieStrategyProtocol.swift; sourceTree = "<group>"; };
		AB818B6E2BAC98DA005A1FB5 /* MovieStrategy.swift */ = {isa = PBXFileReference; lastKnownFileType = sourcecode.swift; path = MovieStrategy.swift; sourceTree = "<group>"; };
		AB818B702BAC9A78005A1FB5 /* FavoritesStrategy.swift */ = {isa = PBXFileReference; lastKnownFileType = sourcecode.swift; path = FavoritesStrategy.swift; sourceTree = "<group>"; };
		ABD0B0C92B6A454E000DF6B8 /* RegisterView.swift */ = {isa = PBXFileReference; lastKnownFileType = sourcecode.swift; path = RegisterView.swift; sourceTree = "<group>"; };
		ABD0B0CB2B6A455F000DF6B8 /* RegisterViewController.swift */ = {isa = PBXFileReference; lastKnownFileType = sourcecode.swift; path = RegisterViewController.swift; sourceTree = "<group>"; xcLanguageSpecificationIdentifier = xcode.lang.swift; };
		ABDDE2232B56E442007DA23F /* ModeloMVC.app */ = {isa = PBXFileReference; explicitFileType = wrapper.application; includeInIndex = 0; path = ModeloMVC.app; sourceTree = BUILT_PRODUCTS_DIR; };
		ABDDE2262B56E442007DA23F /* AppDelegate.swift */ = {isa = PBXFileReference; lastKnownFileType = sourcecode.swift; path = AppDelegate.swift; sourceTree = "<group>"; };
		ABDDE2282B56E442007DA23F /* SceneDelegate.swift */ = {isa = PBXFileReference; lastKnownFileType = sourcecode.swift; path = SceneDelegate.swift; sourceTree = "<group>"; };
		ABDDE22A2B56E442007DA23F /* ViewController.swift */ = {isa = PBXFileReference; lastKnownFileType = sourcecode.swift; path = ViewController.swift; sourceTree = "<group>"; };
		ABDDE22D2B56E442007DA23F /* Base */ = {isa = PBXFileReference; lastKnownFileType = file.storyboard; name = Base; path = Base.lproj/Main.storyboard; sourceTree = "<group>"; };
		ABDDE22F2B56E445007DA23F /* Assets.xcassets */ = {isa = PBXFileReference; lastKnownFileType = folder.assetcatalog; path = Assets.xcassets; sourceTree = "<group>"; };
		ABDDE2322B56E445007DA23F /* Base */ = {isa = PBXFileReference; lastKnownFileType = file.storyboard; name = Base; path = Base.lproj/LaunchScreen.storyboard; sourceTree = "<group>"; };
		ABDDE2342B56E445007DA23F /* Info.plist */ = {isa = PBXFileReference; lastKnownFileType = text.plist.xml; path = Info.plist; sourceTree = "<group>"; };
		ABDDE2392B56E446007DA23F /* ModeloMVCTests.xctest */ = {isa = PBXFileReference; explicitFileType = wrapper.cfbundle; includeInIndex = 0; path = ModeloMVCTests.xctest; sourceTree = BUILT_PRODUCTS_DIR; };
		ABDDE23D2B56E446007DA23F /* ModeloMVCTests.swift */ = {isa = PBXFileReference; lastKnownFileType = sourcecode.swift; path = ModeloMVCTests.swift; sourceTree = "<group>"; };
		ABDDE2432B56E446007DA23F /* ModeloMVCUITests.xctest */ = {isa = PBXFileReference; explicitFileType = wrapper.cfbundle; includeInIndex = 0; path = ModeloMVCUITests.xctest; sourceTree = BUILT_PRODUCTS_DIR; };
		ABDDE2472B56E446007DA23F /* ModeloMVCUITests.swift */ = {isa = PBXFileReference; lastKnownFileType = sourcecode.swift; path = ModeloMVCUITests.swift; sourceTree = "<group>"; };
		ABDDE2492B56E446007DA23F /* ModeloMVCUITestsLaunchTests.swift */ = {isa = PBXFileReference; lastKnownFileType = sourcecode.swift; path = ModeloMVCUITestsLaunchTests.swift; sourceTree = "<group>"; };
		ABDDE2592B573015007DA23F /* LoginView.swift */ = {isa = PBXFileReference; lastKnownFileType = sourcecode.swift; path = LoginView.swift; sourceTree = "<group>"; };
		ABDDE25B2B57302C007DA23F /* LoginViewController .swift */ = {isa = PBXFileReference; lastKnownFileType = sourcecode.swift; path = "LoginViewController .swift"; sourceTree = "<group>"; };
		ABEEB78E2B7431690089946B /* KeyboardManager.swift */ = {isa = PBXFileReference; lastKnownFileType = sourcecode.swift; path = KeyboardManager.swift; sourceTree = "<group>"; };
/* End PBXFileReference section */

/* Begin PBXFrameworksBuildPhase section */
		ABDDE2202B56E442007DA23F /* Frameworks */ = {
			isa = PBXFrameworksBuildPhase;
			buildActionMask = 2147483647;
			files = (
				AB0B458A2B8E126100D52874 /* Alamofire in Frameworks */,
			);
			runOnlyForDeploymentPostprocessing = 0;
		};
		ABDDE2362B56E446007DA23F /* Frameworks */ = {
			isa = PBXFrameworksBuildPhase;
			buildActionMask = 2147483647;
			files = (
			);
			runOnlyForDeploymentPostprocessing = 0;
		};
		ABDDE2402B56E446007DA23F /* Frameworks */ = {
			isa = PBXFrameworksBuildPhase;
			buildActionMask = 2147483647;
			files = (
			);
			runOnlyForDeploymentPostprocessing = 0;
		};
/* End PBXFrameworksBuildPhase section */

/* Begin PBXGroup section */
		AB0564DF2BA2649F00A26579 /* ListAdapter */ = {
			isa = PBXGroup;
			children = (
				AB0564E02BA2678200A26579 /* ListMovieAdapterProtocol.swift */,
				AB0564E22BA267C500A26579 /* ListMovieGrillAdapter.swift */,
				AB0B459A2B926A3200D52874 /* ListMoviesSimpleAdapter.swift */,
			);
			path = ListAdapter;
			sourceTree = "<group>";
		};
		AB0564E62BA26A8C00A26579 /* Favorite */ = {
			isa = PBXGroup;
			children = (
				AB0B45982B8E65C900D52874 /* FavoriteCollectionViewCell.swift */,
				AB0564D62BA1F2DD00A26579 /* FavoriteCollectionViewCell.xib */,
			);
			path = Favorite;
			sourceTree = "<group>";
		};
		AB0564E72BA26A9200A26579 /* Movies */ = {
			isa = PBXGroup;
			children = (
				AB0564DD2BA25CDF00A26579 /* MovieCollectionViewCell.swift */,
				AB0564DB2BA25CAC00A26579 /* MovieCollectionViewCell.xib */,
			);
			path = Movies;
			sourceTree = "<group>";
		};
		AB0564E92BA26C2700A26579 /* TabBarController */ = {
			isa = PBXGroup;
			children = (
				AB0564EA2BA26CA700A26579 /* TapBarControllerViewController.swift */,
			);
			path = TabBarController;
			sourceTree = "<group>";
		};
		AB0564F02BA8648F00A26579 /* SearchAdapter */ = {
			isa = PBXGroup;
			children = (
				AB0564F42BA8655500A26579 /* SearchMovieAdapterProtocol.swift */,
				AB0564F62BA86AAA00A26579 /* SearchMovieByInfoAdapter.swift */,
				AB0564F82BA8BE0500A26579 /* SearchMovieByNameYearAdapter.swift */,
			);
			path = SearchAdapter;
			sourceTree = "<group>";
		};
		AB0564F12BA864DC00A26579 /* Adapters */ = {
			isa = PBXGroup;
			children = (
				AB0564F02BA8648F00A26579 /* SearchAdapter */,
				AB0564DF2BA2649F00A26579 /* ListAdapter */,
			);
			path = Adapters;
			sourceTree = "<group>";
		};
		AB0564FA2BA8C82500A26579 /* Cells */ = {
			isa = PBXGroup;
			children = (
				AB0564FB2BA8C83900A26579 /* ErrorCollectionViewCell.swift */,
				AB0564FF2BA8C87400A26579 /* ErrorCollectionViewCell.xib */,
			);
			path = Cells;
			sourceTree = "<group>";
		};
		AB08B04C2B61B8020048DA19 /* Home */ = {
			isa = PBXGroup;
			children = (
				AB08B04F2B61B9EB0048DA19 /* HomeView.swift */,
				AB08B0512B61BA050048DA19 /* HomeViewController.swift */,
			);
			path = Home;
			sourceTree = "<group>";
		};
		AB0B458B2B8E129900D52874 /* WS */ = {
			isa = PBXGroup;
			children = (
				AB0B45912B8E132800D52874 /* MoviesWS.swift */,
				AB5C40C72BA09C3D00B99A2D /* DetailsWS.swift */,
			);
			path = WS;
			sourceTree = "<group>";
		};
		AB0B458C2B8E12E700D52874 /* Movies */ = {
			isa = PBXGroup;
			children = (
				AB818B6B2BAC9712005A1FB5 /* Strategy */,
				AB0564F12BA864DC00A26579 /* Adapters */,
				AB0564E72BA26A9200A26579 /* Movies */,
				AB0564E62BA26A8C00A26579 /* Favorite */,
				AB0B458D2B8E12FC00D52874 /* MoviesView.swift */,
				AB0B458F2B8E130900D52874 /* MoviesViewController.swift */,
				AB0564D82BA2042400A26579 /* MovieViewRepresentable.swift */,
				AB0564E42BA2690900A26579 /* MovieViewControllerBuilder.swift */,
			);
			path = Movies;
			sourceTree = "<group>";
		};
		AB0B45952B8E136D00D52874 /* Model */ = {
			isa = PBXGroup;
			children = (
				AB0B45962B8E137E00D52874 /* Movie.swift */,
				AB5C40C92BA09E6F00B99A2D /* Detail.swift */,
				AB818B602BAC94B9005A1FB5 /* MoviesCore.xcdatamodeld */,
			);
			path = Model;
			sourceTree = "<group>";
		};
		AB5C40CB2BA09E7600B99A2D /* Details */ = {
			isa = PBXGroup;
			children = (
				AB5C40CC2BA09E8C00B99A2D /* DetailsView.swift */,
				AB5C40CE2BA09E9700B99A2D /* DetailsViewController.swift */,
			);
			path = Details;
			sourceTree = "<group>";
		};
		AB5C40D22BA0DEA800B99A2D /* Others  */ = {
			isa = PBXGroup;
			children = (
				AB0564FA2BA8C82500A26579 /* Cells */,
				AB5C40D32BA0DEBE00B99A2D /* AppNavigationController .swift */,
				AB0564EC2BA3993500A26579 /* ElementsUI.swift */,
			);
			path = "Others ";
			sourceTree = "<group>";
		};
		AB818B6B2BAC9712005A1FB5 /* Strategy */ = {
			isa = PBXGroup;
			children = (
				AB818B6C2BAC97BD005A1FB5 /* MovieStrategyProtocol.swift */,
				AB818B6E2BAC98DA005A1FB5 /* MovieStrategy.swift */,
				AB818B702BAC9A78005A1FB5 /* FavoritesStrategy.swift */,
			);
			path = Strategy;
			sourceTree = "<group>";
		};
		ABD0B0C82B6A4536000DF6B8 /* Register */ = {
			isa = PBXGroup;
			children = (
				ABD0B0C92B6A454E000DF6B8 /* RegisterView.swift */,
				ABD0B0CB2B6A455F000DF6B8 /* RegisterViewController.swift */,
			);
			path = Register;
			sourceTree = "<group>";
		};
		ABDDE21A2B56E442007DA23F = {
			isa = PBXGroup;
			children = (
				AB818B672BAC96C6005A1FB5 /* MoviesFavoriteCD+CoreDataClass.swift */,
				AB818B682BAC96C6005A1FB5 /* MoviesFavoriteCD+CoreDataProperties.swift */,
				ABDDE2252B56E442007DA23F /* ModeloMVC */,
				ABDDE23C2B56E446007DA23F /* ModeloMVCTests */,
				ABDDE2462B56E446007DA23F /* ModeloMVCUITests */,
				ABDDE2242B56E442007DA23F /* Products */,
			);
			sourceTree = "<group>";
		};
		ABDDE2242B56E442007DA23F /* Products */ = {
			isa = PBXGroup;
			children = (
				ABDDE2232B56E442007DA23F /* ModeloMVC.app */,
				ABDDE2392B56E446007DA23F /* ModeloMVCTests.xctest */,
				ABDDE2432B56E446007DA23F /* ModeloMVCUITests.xctest */,
			);
			name = Products;
			sourceTree = "<group>";
		};
		ABDDE2252B56E442007DA23F /* ModeloMVC */ = {
			isa = PBXGroup;
			children = (
				AB0564E92BA26C2700A26579 /* TabBarController */,
				ABEEB78E2B7431690089946B /* KeyboardManager.swift */,
				AB5C40D22BA0DEA800B99A2D /* Others  */,
				AB0B45952B8E136D00D52874 /* Model */,
				AB5C40CB2BA09E7600B99A2D /* Details */,
				AB0B458C2B8E12E700D52874 /* Movies */,
				AB0B458B2B8E129900D52874 /* WS */,
				ABD0B0C82B6A4536000DF6B8 /* Register */,
				AB08B04C2B61B8020048DA19 /* Home */,
				ABDDE2562B56E92F007DA23F /* Login */,
				ABDDE2262B56E442007DA23F /* AppDelegate.swift */,
				ABDDE2282B56E442007DA23F /* SceneDelegate.swift */,
				ABDDE22A2B56E442007DA23F /* ViewController.swift */,
				ABDDE22C2B56E442007DA23F /* Main.storyboard */,
				ABDDE22F2B56E445007DA23F /* Assets.xcassets */,
				ABDDE2312B56E445007DA23F /* LaunchScreen.storyboard */,
				ABDDE2342B56E445007DA23F /* Info.plist */,
			);
			path = ModeloMVC;
			sourceTree = "<group>";
		};
		ABDDE23C2B56E446007DA23F /* ModeloMVCTests */ = {
			isa = PBXGroup;
			children = (
				ABDDE23D2B56E446007DA23F /* ModeloMVCTests.swift */,
			);
			path = ModeloMVCTests;
			sourceTree = "<group>";
		};
		ABDDE2462B56E446007DA23F /* ModeloMVCUITests */ = {
			isa = PBXGroup;
			children = (
				ABDDE2472B56E446007DA23F /* ModeloMVCUITests.swift */,
				ABDDE2492B56E446007DA23F /* ModeloMVCUITestsLaunchTests.swift */,
			);
			path = ModeloMVCUITests;
			sourceTree = "<group>";
		};
		ABDDE2562B56E92F007DA23F /* Login */ = {
			isa = PBXGroup;
			children = (
				ABDDE2592B573015007DA23F /* LoginView.swift */,
				ABDDE25B2B57302C007DA23F /* LoginViewController .swift */,
			);
			path = Login;
			sourceTree = "<group>";
		};
/* End PBXGroup section */

/* Begin PBXNativeTarget section */
		ABDDE2222B56E442007DA23F /* ModeloMVC */ = {
			isa = PBXNativeTarget;
			buildConfigurationList = ABDDE24D2B56E446007DA23F /* Build configuration list for PBXNativeTarget "ModeloMVC" */;
			buildPhases = (
				ABDDE21F2B56E442007DA23F /* Sources */,
				ABDDE2202B56E442007DA23F /* Frameworks */,
				ABDDE2212B56E442007DA23F /* Resources */,
			);
			buildRules = (
			);
			dependencies = (
			);
			name = ModeloMVC;
			packageProductDependencies = (
				AB0B45892B8E126100D52874 /* Alamofire */,
			);
			productName = ModeloMVC;
			productReference = ABDDE2232B56E442007DA23F /* ModeloMVC.app */;
			productType = "com.apple.product-type.application";
		};
		ABDDE2382B56E446007DA23F /* ModeloMVCTests */ = {
			isa = PBXNativeTarget;
			buildConfigurationList = ABDDE2502B56E446007DA23F /* Build configuration list for PBXNativeTarget "ModeloMVCTests" */;
			buildPhases = (
				ABDDE2352B56E446007DA23F /* Sources */,
				ABDDE2362B56E446007DA23F /* Frameworks */,
				ABDDE2372B56E446007DA23F /* Resources */,
			);
			buildRules = (
			);
			dependencies = (
				ABDDE23B2B56E446007DA23F /* PBXTargetDependency */,
			);
			name = ModeloMVCTests;
			productName = ModeloMVCTests;
			productReference = ABDDE2392B56E446007DA23F /* ModeloMVCTests.xctest */;
			productType = "com.apple.product-type.bundle.unit-test";
		};
		ABDDE2422B56E446007DA23F /* ModeloMVCUITests */ = {
			isa = PBXNativeTarget;
			buildConfigurationList = ABDDE2532B56E446007DA23F /* Build configuration list for PBXNativeTarget "ModeloMVCUITests" */;
			buildPhases = (
				ABDDE23F2B56E446007DA23F /* Sources */,
				ABDDE2402B56E446007DA23F /* Frameworks */,
				ABDDE2412B56E446007DA23F /* Resources */,
			);
			buildRules = (
			);
			dependencies = (
				ABDDE2452B56E446007DA23F /* PBXTargetDependency */,
			);
			name = ModeloMVCUITests;
			productName = ModeloMVCUITests;
			productReference = ABDDE2432B56E446007DA23F /* ModeloMVCUITests.xctest */;
			productType = "com.apple.product-type.bundle.ui-testing";
		};
/* End PBXNativeTarget section */

/* Begin PBXProject section */
		ABDDE21B2B56E442007DA23F /* Project object */ = {
			isa = PBXProject;
			attributes = {
				BuildIndependentTargetsInParallel = 1;
				LastSwiftUpdateCheck = 1520;
				LastUpgradeCheck = 1520;
				TargetAttributes = {
					ABDDE2222B56E442007DA23F = {
						CreatedOnToolsVersion = 15.2;
					};
					ABDDE2382B56E446007DA23F = {
						CreatedOnToolsVersion = 15.2;
						TestTargetID = ABDDE2222B56E442007DA23F;
					};
					ABDDE2422B56E446007DA23F = {
						CreatedOnToolsVersion = 15.2;
						TestTargetID = ABDDE2222B56E442007DA23F;
					};
				};
			};
			buildConfigurationList = ABDDE21E2B56E442007DA23F /* Build configuration list for PBXProject "ModeloMVC" */;
			compatibilityVersion = "Xcode 14.0";
			developmentRegion = en;
			hasScannedForEncodings = 0;
			knownRegions = (
				en,
				Base,
			);
			mainGroup = ABDDE21A2B56E442007DA23F;
			packageReferences = (
				AB0B45882B8E126100D52874 /* XCRemoteSwiftPackageReference "Alamofire" */,
			);
			productRefGroup = ABDDE2242B56E442007DA23F /* Products */;
			projectDirPath = "";
			projectRoot = "";
			targets = (
				ABDDE2222B56E442007DA23F /* ModeloMVC */,
				ABDDE2382B56E446007DA23F /* ModeloMVCTests */,
				ABDDE2422B56E446007DA23F /* ModeloMVCUITests */,
			);
		};
/* End PBXProject section */

/* Begin PBXResourcesBuildPhase section */
		ABDDE2212B56E442007DA23F /* Resources */ = {
			isa = PBXResourcesBuildPhase;
			buildActionMask = 2147483647;
			files = (
				AB0564DC2BA25CAC00A26579 /* MovieCollectionViewCell.xib in Resources */,
				ABDDE2332B56E445007DA23F /* LaunchScreen.storyboard in Resources */,
				ABDDE2302B56E445007DA23F /* Assets.xcassets in Resources */,
				AB0565002BA8C87400A26579 /* ErrorCollectionViewCell.xib in Resources */,
				ABDDE22E2B56E442007DA23F /* Main.storyboard in Resources */,
				AB0564D72BA1F2DD00A26579 /* FavoriteCollectionViewCell.xib in Resources */,
			);
			runOnlyForDeploymentPostprocessing = 0;
		};
		ABDDE2372B56E446007DA23F /* Resources */ = {
			isa = PBXResourcesBuildPhase;
			buildActionMask = 2147483647;
			files = (
			);
			runOnlyForDeploymentPostprocessing = 0;
		};
		ABDDE2412B56E446007DA23F /* Resources */ = {
			isa = PBXResourcesBuildPhase;
			buildActionMask = 2147483647;
			files = (
			);
			runOnlyForDeploymentPostprocessing = 0;
		};
/* End PBXResourcesBuildPhase section */

/* Begin PBXSourcesBuildPhase section */
		ABDDE21F2B56E442007DA23F /* Sources */ = {
			isa = PBXSourcesBuildPhase;
			buildActionMask = 2147483647;
			files = (
				AB818B712BAC9A78005A1FB5 /* FavoritesStrategy.swift in Sources */,
				AB0564F52BA8655500A26579 /* SearchMovieAdapterProtocol.swift in Sources */,
				AB0564EB2BA26CA700A26579 /* TapBarControllerViewController.swift in Sources */,
				AB818B692BAC96C6005A1FB5 /* MoviesFavoriteCD+CoreDataClass.swift in Sources */,
				AB818B6A2BAC96C6005A1FB5 /* MoviesFavoriteCD+CoreDataProperties.swift in Sources */,
				AB0B45992B8E65C900D52874 /* FavoriteCollectionViewCell.swift in Sources */,
				AB818B6F2BAC98DA005A1FB5 /* MovieStrategy.swift in Sources */,
				AB818B6D2BAC97BD005A1FB5 /* MovieStrategyProtocol.swift in Sources */,
				AB5C40CD2BA09E8C00B99A2D /* DetailsView.swift in Sources */,
				AB0564F72BA86AAA00A26579 /* SearchMovieByInfoAdapter.swift in Sources */,
				AB0564F92BA8BE0500A26579 /* SearchMovieByNameYearAdapter.swift in Sources */,
				ABD0B0CC2B6A455F000DF6B8 /* RegisterViewController.swift in Sources */,
				AB5C40CA2BA09E6F00B99A2D /* Detail.swift in Sources */,
				ABDDE22B2B56E442007DA23F /* ViewController.swift in Sources */,
				AB0564E32BA267C500A26579 /* ListMovieGrillAdapter.swift in Sources */,
				AB5C40C82BA09C3D00B99A2D /* DetailsWS.swift in Sources */,
				AB0564ED2BA3993500A26579 /* ElementsUI.swift in Sources */,
				AB0564D92BA2042400A26579 /* MovieViewRepresentable.swift in Sources */,
				ABDDE2272B56E442007DA23F /* AppDelegate.swift in Sources */,
				ABDDE25A2B573015007DA23F /* LoginView.swift in Sources */,
				AB0B45922B8E132800D52874 /* MoviesWS.swift in Sources */,
				AB08B0502B61B9EB0048DA19 /* HomeView.swift in Sources */,
				AB0B45902B8E130900D52874 /* MoviesViewController.swift in Sources */,
				AB818B622BAC94B9005A1FB5 /* MoviesCore.xcdatamodeld in Sources */,
				ABDDE2292B56E442007DA23F /* SceneDelegate.swift in Sources */,
				ABD0B0CA2B6A454E000DF6B8 /* RegisterView.swift in Sources */,
				AB0564DE2BA25CDF00A26579 /* MovieCollectionViewCell.swift in Sources */,
				AB08B0522B61BA050048DA19 /* HomeViewController.swift in Sources */,
				ABDDE25C2B57302C007DA23F /* LoginViewController .swift in Sources */,
				AB5C40D42BA0DEBE00B99A2D /* AppNavigationController .swift in Sources */,
				AB0B459B2B926A3200D52874 /* ListMoviesSimpleAdapter.swift in Sources */,
				AB0B458E2B8E12FC00D52874 /* MoviesView.swift in Sources */,
				AB0564FC2BA8C83900A26579 /* ErrorCollectionViewCell.swift in Sources */,
				AB0564E52BA2690900A26579 /* MovieViewControllerBuilder.swift in Sources */,
				AB0564E12BA2678200A26579 /* ListMovieAdapterProtocol.swift in Sources */,
				ABEEB78F2B7431690089946B /* KeyboardManager.swift in Sources */,
				AB0B45972B8E137E00D52874 /* Movie.swift in Sources */,
				AB5C40CF2BA09E9700B99A2D /* DetailsViewController.swift in Sources */,
			);
			runOnlyForDeploymentPostprocessing = 0;
		};
		ABDDE2352B56E446007DA23F /* Sources */ = {
			isa = PBXSourcesBuildPhase;
			buildActionMask = 2147483647;
			files = (
				ABDDE23E2B56E446007DA23F /* ModeloMVCTests.swift in Sources */,
			);
			runOnlyForDeploymentPostprocessing = 0;
		};
		ABDDE23F2B56E446007DA23F /* Sources */ = {
			isa = PBXSourcesBuildPhase;
			buildActionMask = 2147483647;
			files = (
				ABDDE2482B56E446007DA23F /* ModeloMVCUITests.swift in Sources */,
				ABDDE24A2B56E446007DA23F /* ModeloMVCUITestsLaunchTests.swift in Sources */,
			);
			runOnlyForDeploymentPostprocessing = 0;
		};
/* End PBXSourcesBuildPhase section */

/* Begin PBXTargetDependency section */
		ABDDE23B2B56E446007DA23F /* PBXTargetDependency */ = {
			isa = PBXTargetDependency;
			target = ABDDE2222B56E442007DA23F /* ModeloMVC */;
			targetProxy = ABDDE23A2B56E446007DA23F /* PBXContainerItemProxy */;
		};
		ABDDE2452B56E446007DA23F /* PBXTargetDependency */ = {
			isa = PBXTargetDependency;
			target = ABDDE2222B56E442007DA23F /* ModeloMVC */;
			targetProxy = ABDDE2442B56E446007DA23F /* PBXContainerItemProxy */;
		};
/* End PBXTargetDependency section */

/* Begin PBXVariantGroup section */
		ABDDE22C2B56E442007DA23F /* Main.storyboard */ = {
			isa = PBXVariantGroup;
			children = (
				ABDDE22D2B56E442007DA23F /* Base */,
			);
			name = Main.storyboard;
			sourceTree = "<group>";
		};
		ABDDE2312B56E445007DA23F /* LaunchScreen.storyboard */ = {
			isa = PBXVariantGroup;
			children = (
				ABDDE2322B56E445007DA23F /* Base */,
			);
			name = LaunchScreen.storyboard;
			sourceTree = "<group>";
		};
/* End PBXVariantGroup section */

/* Begin XCBuildConfiguration section */
		ABDDE24B2B56E446007DA23F /* Debug */ = {
			isa = XCBuildConfiguration;
			buildSettings = {
				ALWAYS_SEARCH_USER_PATHS = NO;
				ASSETCATALOG_COMPILER_GENERATE_SWIFT_ASSET_SYMBOL_EXTENSIONS = YES;
				CLANG_ANALYZER_NONNULL = YES;
				CLANG_ANALYZER_NUMBER_OBJECT_CONVERSION = YES_AGGRESSIVE;
				CLANG_CXX_LANGUAGE_STANDARD = "gnu++20";
				CLANG_ENABLE_MODULES = YES;
				CLANG_ENABLE_OBJC_ARC = YES;
				CLANG_ENABLE_OBJC_WEAK = YES;
				CLANG_WARN_BLOCK_CAPTURE_AUTORELEASING = YES;
				CLANG_WARN_BOOL_CONVERSION = YES;
				CLANG_WARN_COMMA = YES;
				CLANG_WARN_CONSTANT_CONVERSION = YES;
				CLANG_WARN_DEPRECATED_OBJC_IMPLEMENTATIONS = YES;
				CLANG_WARN_DIRECT_OBJC_ISA_USAGE = YES_ERROR;
				CLANG_WARN_DOCUMENTATION_COMMENTS = YES;
				CLANG_WARN_EMPTY_BODY = YES;
				CLANG_WARN_ENUM_CONVERSION = YES;
				CLANG_WARN_INFINITE_RECURSION = YES;
				CLANG_WARN_INT_CONVERSION = YES;
				CLANG_WARN_NON_LITERAL_NULL_CONVERSION = YES;
				CLANG_WARN_OBJC_IMPLICIT_RETAIN_SELF = YES;
				CLANG_WARN_OBJC_LITERAL_CONVERSION = YES;
				CLANG_WARN_OBJC_ROOT_CLASS = YES_ERROR;
				CLANG_WARN_QUOTED_INCLUDE_IN_FRAMEWORK_HEADER = YES;
				CLANG_WARN_RANGE_LOOP_ANALYSIS = YES;
				CLANG_WARN_STRICT_PROTOTYPES = YES;
				CLANG_WARN_SUSPICIOUS_MOVE = YES;
				CLANG_WARN_UNGUARDED_AVAILABILITY = YES_AGGRESSIVE;
				CLANG_WARN_UNREACHABLE_CODE = YES;
				CLANG_WARN__DUPLICATE_METHOD_MATCH = YES;
				COPY_PHASE_STRIP = NO;
				DEBUG_INFORMATION_FORMAT = dwarf;
				ENABLE_STRICT_OBJC_MSGSEND = YES;
				ENABLE_TESTABILITY = YES;
				ENABLE_USER_SCRIPT_SANDBOXING = YES;
				GCC_C_LANGUAGE_STANDARD = gnu17;
				GCC_DYNAMIC_NO_PIC = NO;
				GCC_NO_COMMON_BLOCKS = YES;
				GCC_OPTIMIZATION_LEVEL = 0;
				GCC_PREPROCESSOR_DEFINITIONS = (
					"DEBUG=1",
					"$(inherited)",
				);
				GCC_WARN_64_TO_32_BIT_CONVERSION = YES;
				GCC_WARN_ABOUT_RETURN_TYPE = YES_ERROR;
				GCC_WARN_UNDECLARED_SELECTOR = YES;
				GCC_WARN_UNINITIALIZED_AUTOS = YES_AGGRESSIVE;
				GCC_WARN_UNUSED_FUNCTION = YES;
				GCC_WARN_UNUSED_VARIABLE = YES;
				IPHONEOS_DEPLOYMENT_TARGET = 17.3;
				LOCALIZATION_PREFERS_STRING_CATALOGS = YES;
				MTL_ENABLE_DEBUG_INFO = INCLUDE_SOURCE;
				MTL_FAST_MATH = YES;
				ONLY_ACTIVE_ARCH = YES;
				SDKROOT = iphoneos;
				SWIFT_ACTIVE_COMPILATION_CONDITIONS = "DEBUG $(inherited)";
				SWIFT_OPTIMIZATION_LEVEL = "-Onone";
			};
			name = Debug;
		};
		ABDDE24C2B56E446007DA23F /* Release */ = {
			isa = XCBuildConfiguration;
			buildSettings = {
				ALWAYS_SEARCH_USER_PATHS = NO;
				ASSETCATALOG_COMPILER_GENERATE_SWIFT_ASSET_SYMBOL_EXTENSIONS = YES;
				CLANG_ANALYZER_NONNULL = YES;
				CLANG_ANALYZER_NUMBER_OBJECT_CONVERSION = YES_AGGRESSIVE;
				CLANG_CXX_LANGUAGE_STANDARD = "gnu++20";
				CLANG_ENABLE_MODULES = YES;
				CLANG_ENABLE_OBJC_ARC = YES;
				CLANG_ENABLE_OBJC_WEAK = YES;
				CLANG_WARN_BLOCK_CAPTURE_AUTORELEASING = YES;
				CLANG_WARN_BOOL_CONVERSION = YES;
				CLANG_WARN_COMMA = YES;
				CLANG_WARN_CONSTANT_CONVERSION = YES;
				CLANG_WARN_DEPRECATED_OBJC_IMPLEMENTATIONS = YES;
				CLANG_WARN_DIRECT_OBJC_ISA_USAGE = YES_ERROR;
				CLANG_WARN_DOCUMENTATION_COMMENTS = YES;
				CLANG_WARN_EMPTY_BODY = YES;
				CLANG_WARN_ENUM_CONVERSION = YES;
				CLANG_WARN_INFINITE_RECURSION = YES;
				CLANG_WARN_INT_CONVERSION = YES;
				CLANG_WARN_NON_LITERAL_NULL_CONVERSION = YES;
				CLANG_WARN_OBJC_IMPLICIT_RETAIN_SELF = YES;
				CLANG_WARN_OBJC_LITERAL_CONVERSION = YES;
				CLANG_WARN_OBJC_ROOT_CLASS = YES_ERROR;
				CLANG_WARN_QUOTED_INCLUDE_IN_FRAMEWORK_HEADER = YES;
				CLANG_WARN_RANGE_LOOP_ANALYSIS = YES;
				CLANG_WARN_STRICT_PROTOTYPES = YES;
				CLANG_WARN_SUSPICIOUS_MOVE = YES;
				CLANG_WARN_UNGUARDED_AVAILABILITY = YES_AGGRESSIVE;
				CLANG_WARN_UNREACHABLE_CODE = YES;
				CLANG_WARN__DUPLICATE_METHOD_MATCH = YES;
				COPY_PHASE_STRIP = NO;
				DEBUG_INFORMATION_FORMAT = "dwarf-with-dsym";
				ENABLE_NS_ASSERTIONS = NO;
				ENABLE_STRICT_OBJC_MSGSEND = YES;
				ENABLE_USER_SCRIPT_SANDBOXING = YES;
				GCC_C_LANGUAGE_STANDARD = gnu17;
				GCC_NO_COMMON_BLOCKS = YES;
				GCC_WARN_64_TO_32_BIT_CONVERSION = YES;
				GCC_WARN_ABOUT_RETURN_TYPE = YES_ERROR;
				GCC_WARN_UNDECLARED_SELECTOR = YES;
				GCC_WARN_UNINITIALIZED_AUTOS = YES_AGGRESSIVE;
				GCC_WARN_UNUSED_FUNCTION = YES;
				GCC_WARN_UNUSED_VARIABLE = YES;
				IPHONEOS_DEPLOYMENT_TARGET = 17.3;
				LOCALIZATION_PREFERS_STRING_CATALOGS = YES;
				MTL_ENABLE_DEBUG_INFO = NO;
				MTL_FAST_MATH = YES;
				SDKROOT = iphoneos;
				SWIFT_COMPILATION_MODE = wholemodule;
				VALIDATE_PRODUCT = YES;
			};
			name = Release;
		};
		ABDDE24E2B56E446007DA23F /* Debug */ = {
			isa = XCBuildConfiguration;
			buildSettings = {
				ASSETCATALOG_COMPILER_APPICON_NAME = AppIcon;
				ASSETCATALOG_COMPILER_GLOBAL_ACCENT_COLOR_NAME = AccentColor;
				CODE_SIGN_STYLE = Automatic;
				CURRENT_PROJECT_VERSION = 1;
				DEVELOPMENT_TEAM = 3VU4W5HNB8;
				GENERATE_INFOPLIST_FILE = YES;
				INFOPLIST_FILE = ModeloMVC/Info.plist;
				INFOPLIST_KEY_UIApplicationSupportsIndirectInputEvents = YES;
				INFOPLIST_KEY_UILaunchStoryboardName = LaunchScreen;
				INFOPLIST_KEY_UIMainStoryboardFile = Main;
				INFOPLIST_KEY_UISupportedInterfaceOrientations_iPad = "UIInterfaceOrientationPortrait UIInterfaceOrientationPortraitUpsideDown UIInterfaceOrientationLandscapeLeft UIInterfaceOrientationLandscapeRight";
				INFOPLIST_KEY_UISupportedInterfaceOrientations_iPhone = "UIInterfaceOrientationPortrait UIInterfaceOrientationLandscapeLeft UIInterfaceOrientationLandscapeRight";
				IPHONEOS_DEPLOYMENT_TARGET = 17.3;
				LD_RUNPATH_SEARCH_PATHS = (
					"$(inherited)",
					"@executable_path/Frameworks",
				);
				MARKETING_VERSION = 1.0;
				PRODUCT_BUNDLE_IDENTIFIER = com.globant.ModeloMVC;
				PRODUCT_NAME = "$(TARGET_NAME)";
				SWIFT_EMIT_LOC_STRINGS = YES;
				SWIFT_VERSION = 5.0;
				TARGETED_DEVICE_FAMILY = "1,2";
			};
			name = Debug;
		};
		ABDDE24F2B56E446007DA23F /* Release */ = {
			isa = XCBuildConfiguration;
			buildSettings = {
				ASSETCATALOG_COMPILER_APPICON_NAME = AppIcon;
				ASSETCATALOG_COMPILER_GLOBAL_ACCENT_COLOR_NAME = AccentColor;
				CODE_SIGN_STYLE = Automatic;
				CURRENT_PROJECT_VERSION = 1;
				DEVELOPMENT_TEAM = 3VU4W5HNB8;
				GENERATE_INFOPLIST_FILE = YES;
				INFOPLIST_FILE = ModeloMVC/Info.plist;
				INFOPLIST_KEY_UIApplicationSupportsIndirectInputEvents = YES;
				INFOPLIST_KEY_UILaunchStoryboardName = LaunchScreen;
				INFOPLIST_KEY_UIMainStoryboardFile = Main;
				INFOPLIST_KEY_UISupportedInterfaceOrientations_iPad = "UIInterfaceOrientationPortrait UIInterfaceOrientationPortraitUpsideDown UIInterfaceOrientationLandscapeLeft UIInterfaceOrientationLandscapeRight";
				INFOPLIST_KEY_UISupportedInterfaceOrientations_iPhone = "UIInterfaceOrientationPortrait UIInterfaceOrientationLandscapeLeft UIInterfaceOrientationLandscapeRight";
				IPHONEOS_DEPLOYMENT_TARGET = 17.3;
				LD_RUNPATH_SEARCH_PATHS = (
					"$(inherited)",
					"@executable_path/Frameworks",
				);
				MARKETING_VERSION = 1.0;
				PRODUCT_BUNDLE_IDENTIFIER = com.globant.ModeloMVC;
				PRODUCT_NAME = "$(TARGET_NAME)";
				SWIFT_EMIT_LOC_STRINGS = YES;
				SWIFT_VERSION = 5.0;
				TARGETED_DEVICE_FAMILY = "1,2";
			};
			name = Release;
		};
		ABDDE2512B56E446007DA23F /* Debug */ = {
			isa = XCBuildConfiguration;
			buildSettings = {
				ALWAYS_EMBED_SWIFT_STANDARD_LIBRARIES = YES;
				BUNDLE_LOADER = "$(TEST_HOST)";
				CODE_SIGN_STYLE = Automatic;
				CURRENT_PROJECT_VERSION = 1;
				DEVELOPMENT_TEAM = 3VU4W5HNB8;
				GENERATE_INFOPLIST_FILE = YES;
				IPHONEOS_DEPLOYMENT_TARGET = 17.2;
				MARKETING_VERSION = 1.0;
				PRODUCT_BUNDLE_IDENTIFIER = com.globant.ModeloMVCTests;
				PRODUCT_NAME = "$(TARGET_NAME)";
				SWIFT_EMIT_LOC_STRINGS = NO;
				SWIFT_VERSION = 5.0;
				TARGETED_DEVICE_FAMILY = "1,2";
				TEST_HOST = "$(BUILT_PRODUCTS_DIR)/ModeloMVC.app/$(BUNDLE_EXECUTABLE_FOLDER_PATH)/ModeloMVC";
			};
			name = Debug;
		};
		ABDDE2522B56E446007DA23F /* Release */ = {
			isa = XCBuildConfiguration;
			buildSettings = {
				ALWAYS_EMBED_SWIFT_STANDARD_LIBRARIES = YES;
				BUNDLE_LOADER = "$(TEST_HOST)";
				CODE_SIGN_STYLE = Automatic;
				CURRENT_PROJECT_VERSION = 1;
				DEVELOPMENT_TEAM = 3VU4W5HNB8;
				GENERATE_INFOPLIST_FILE = YES;
				IPHONEOS_DEPLOYMENT_TARGET = 17.2;
				MARKETING_VERSION = 1.0;
				PRODUCT_BUNDLE_IDENTIFIER = com.globant.ModeloMVCTests;
				PRODUCT_NAME = "$(TARGET_NAME)";
				SWIFT_EMIT_LOC_STRINGS = NO;
				SWIFT_VERSION = 5.0;
				TARGETED_DEVICE_FAMILY = "1,2";
				TEST_HOST = "$(BUILT_PRODUCTS_DIR)/ModeloMVC.app/$(BUNDLE_EXECUTABLE_FOLDER_PATH)/ModeloMVC";
			};
			name = Release;
		};
		ABDDE2542B56E446007DA23F /* Debug */ = {
			isa = XCBuildConfiguration;
			buildSettings = {
				ALWAYS_EMBED_SWIFT_STANDARD_LIBRARIES = YES;
				CODE_SIGN_STYLE = Automatic;
				CURRENT_PROJECT_VERSION = 1;
				DEVELOPMENT_TEAM = 3VU4W5HNB8;
				GENERATE_INFOPLIST_FILE = YES;
				MARKETING_VERSION = 1.0;
				PRODUCT_BUNDLE_IDENTIFIER = com.globant.ModeloMVCUITests;
				PRODUCT_NAME = "$(TARGET_NAME)";
				SWIFT_EMIT_LOC_STRINGS = NO;
				SWIFT_VERSION = 5.0;
				TARGETED_DEVICE_FAMILY = "1,2";
				TEST_TARGET_NAME = ModeloMVC;
			};
			name = Debug;
		};
		ABDDE2552B56E446007DA23F /* Release */ = {
			isa = XCBuildConfiguration;
			buildSettings = {
				ALWAYS_EMBED_SWIFT_STANDARD_LIBRARIES = YES;
				CODE_SIGN_STYLE = Automatic;
				CURRENT_PROJECT_VERSION = 1;
				DEVELOPMENT_TEAM = 3VU4W5HNB8;
				GENERATE_INFOPLIST_FILE = YES;
				MARKETING_VERSION = 1.0;
				PRODUCT_BUNDLE_IDENTIFIER = com.globant.ModeloMVCUITests;
				PRODUCT_NAME = "$(TARGET_NAME)";
				SWIFT_EMIT_LOC_STRINGS = NO;
				SWIFT_VERSION = 5.0;
				TARGETED_DEVICE_FAMILY = "1,2";
				TEST_TARGET_NAME = ModeloMVC;
			};
			name = Release;
		};
/* End XCBuildConfiguration section */

/* Begin XCConfigurationList section */
		ABDDE21E2B56E442007DA23F /* Build configuration list for PBXProject "ModeloMVC" */ = {
			isa = XCConfigurationList;
			buildConfigurations = (
				ABDDE24B2B56E446007DA23F /* Debug */,
				ABDDE24C2B56E446007DA23F /* Release */,
			);
			defaultConfigurationIsVisible = 0;
			defaultConfigurationName = Debug;
		};
		ABDDE24D2B56E446007DA23F /* Build configuration list for PBXNativeTarget "ModeloMVC" */ = {
			isa = XCConfigurationList;
			buildConfigurations = (
				ABDDE24E2B56E446007DA23F /* Debug */,
				ABDDE24F2B56E446007DA23F /* Release */,
			);
			defaultConfigurationIsVisible = 0;
			defaultConfigurationName = Debug;
		};
		ABDDE2502B56E446007DA23F /* Build configuration list for PBXNativeTarget "ModeloMVCTests" */ = {
			isa = XCConfigurationList;
			buildConfigurations = (
				ABDDE2512B56E446007DA23F /* Debug */,
				ABDDE2522B56E446007DA23F /* Release */,
			);
			defaultConfigurationIsVisible = 0;
			defaultConfigurationName = Debug;
		};
		ABDDE2532B56E446007DA23F /* Build configuration list for PBXNativeTarget "ModeloMVCUITests" */ = {
			isa = XCConfigurationList;
			buildConfigurations = (
				ABDDE2542B56E446007DA23F /* Debug */,
				ABDDE2552B56E446007DA23F /* Release */,
			);
			defaultConfigurationIsVisible = 0;
			defaultConfigurationName = Debug;
		};
/* End XCConfigurationList section */

/* Begin XCRemoteSwiftPackageReference section */
		AB0B45882B8E126100D52874 /* XCRemoteSwiftPackageReference "Alamofire" */ = {
			isa = XCRemoteSwiftPackageReference;
			repositoryURL = "https://github.com/Alamofire/Alamofire";
			requirement = {
				kind = upToNextMajorVersion;
				minimumVersion = 5.8.1;
			};
		};
/* End XCRemoteSwiftPackageReference section */

/* Begin XCSwiftPackageProductDependency section */
		AB0B45892B8E126100D52874 /* Alamofire */ = {
			isa = XCSwiftPackageProductDependency;
			package = AB0B45882B8E126100D52874 /* XCRemoteSwiftPackageReference "Alamofire" */;
			productName = Alamofire;
		};
/* End XCSwiftPackageProductDependency section */

/* Begin XCVersionGroup section */
		AB818B602BAC94B9005A1FB5 /* MoviesCore.xcdatamodeld */ = {
			isa = XCVersionGroup;
			children = (
				AB818B612BAC94B9005A1FB5 /* MoviesCore.xcdatamodel */,
			);
			currentVersion = AB818B612BAC94B9005A1FB5 /* MoviesCore.xcdatamodel */;
			name = MoviesCore.xcdatamodeld;
			path = "/Users/juanfelipe.acevedo/Desktop/swift /ModeloMVC/ModeloMVC/Model/MoviesCore.xcdatamodeld";
			sourceTree = "<group>";
			versionGroupType = wrapper.xcdatamodel;
		};
/* End XCVersionGroup section */
	};
	rootObject = ABDDE21B2B56E442007DA23F /* Project object */;
}
